<?xml version="1.0" encoding="utf-8"?>
<Project ToolsVersion="4.0" xmlns="http://schemas.microsoft.com/developer/msbuild/2003">
  <ItemGroup>
    <Filter Include="Source Files">
      <UniqueIdentifier>{4FC737F1-C7A5-4376-A066-2A32D752A2FF}</UniqueIdentifier>
      <Extensions>cpp;cxx;c;def</Extensions>
    </Filter>
    <Filter Include="Header Files">
      <UniqueIdentifier>{93995380-89BD-4b04-88EB-625FBE52EBFB}</UniqueIdentifier>
      <Extensions>h</Extensions>
    </Filter>
    <Filter Include="Form Files">
      <UniqueIdentifier>{99349809-55BA-4b9d-BF79-8FDBB0286EB3}</UniqueIdentifier>
      <Extensions>ui</Extensions>
    </Filter>
    <Filter Include="Resource Files">
      <UniqueIdentifier>{D9D6E242-F8AF-46E4-B9FD-80ECBC20BA3E}</UniqueIdentifier>
      <Extensions>qrc;*</Extensions>
      <ParseFiles>false</ParseFiles>
    </Filter>
    <Filter Include="Generated Files">
      <UniqueIdentifier>{71ED8ED8-ACB9-4CE9-BBE1-E00B30144E11}</UniqueIdentifier>
      <Extensions>moc;h;cpp</Extensions>
      <SourceControlFiles>False</SourceControlFiles>
    </Filter>
    <Filter Include="Generated Files\Debug">
      <UniqueIdentifier>{9fea1a74-8b56-444f-8a81-564c7dabc3b3}</UniqueIdentifier>
      <Extensions>cpp;moc</Extensions>
      <SourceControlFiles>False</SourceControlFiles>
    </Filter>
    <Filter Include="Generated Files\Release">
      <UniqueIdentifier>{10b57a59-4390-44ad-9c7b-cd78abd95ac1}</UniqueIdentifier>
      <Extensions>cpp;moc</Extensions>
      <SourceControlFiles>False</SourceControlFiles>
    </Filter>
    <Filter Include="Generated Files\Intel_SSA">
      <UniqueIdentifier>{287ca370-21c7-401b-b7d4-687cfbfb1a35}</UniqueIdentifier>
      <Extensions>cpp;moc</Extensions>
      <SourceControlFiles>False</SourceControlFiles>
    </Filter>
  </ItemGroup>
  <ItemGroup>
    <ClInclude Include="include\dedalus.gui.x86_global.h">
      <Filter>Header Files</Filter>
    </ClInclude>
    <ClInclude Include="include\std.captions.hpp">
      <Filter>Header Files</Filter>
    </ClInclude>
    <ClInclude Include="include\std.common.hpp">
      <Filter>Header Files</Filter>
    </ClInclude>
    <ClInclude Include="include\std.defs.hpp">
      <Filter>Header Files</Filter>
    </ClInclude>
    <ClInclude Include="include\std.defsx.hpp">
      <Filter>Header Files</Filter>
    </ClInclude>
    <ClInclude Include="include\std.formatqueryfieldstoalias.hpp">
      <Filter>Header Files</Filter>
    </ClInclude>
    <ClInclude Include="include\std.generatecontainermapper.hpp">
      <Filter>Header Files</Filter>
    </ClInclude>
    <ClInclude Include="include\std.groupboxbuttonscontrol.hpp">
      <Filter>Header Files</Filter>
    </ClInclude>
    <ClInclude Include="include\std.groupboximpl.hpp">
      <Filter>Header Files</Filter>
    </ClInclude>
    <ClInclude Include="include\std.groupboxwidgetimpl.hpp">
      <Filter>Header Files</Filter>
    </ClInclude>
    <ClInclude Include="include\std.icons.hpp">
      <Filter>Header Files</Filter>
    </ClInclude>
    <ClInclude Include="include\std.labelmodels.hpp">
      <Filter>Header Files</Filter>
    </ClInclude>
    <ClInclude Include="include\std.labelmodelstohashmapper.hpp">
      <Filter>Header Files</Filter>
    </ClInclude>
    <ClInclude Include="include\std.layouts.hpp">
      <Filter>Header Files</Filter>
    </ClInclude>
    <ClInclude Include="include\std.libbs.hpp">
      <Filter>Header Files</Filter>
    </ClInclude>
    <ClInclude Include="include\std.linegroup.hpp">
      <Filter>Header Files</Filter>
    </ClInclude>
    <ClInclude Include="include\std.menuitemdata.hpp">
      <Filter>Header Files</Filter>
    </ClInclude>
    <ClInclude Include="include\std.menuitems.hpp">
      <Filter>Header Files</Filter>
    </ClInclude>
    <ClInclude Include="include\std.popup.hpp">
      <Filter>Header Files</Filter>
    </ClInclude>
    <ClInclude Include="include\std.searchinternalcontainermapper.hpp">
      <Filter>Header Files</Filter>
    </ClInclude>
    <ClInclude Include="include\std.submenuitemdata.hpp">
      <Filter>Header Files</Filter>
    </ClInclude>
    <ClInclude Include="include\std.tabbeddefs.hpp">
      <Filter>Header Files</Filter>
    </ClInclude>
    <ClInclude Include="include\std.tabbedindex.hpp">
      <Filter>Header Files</Filter>
    </ClInclude>
    <ClInclude Include="include\std.tabbedmenuitems.hpp">
      <Filter>Header Files</Filter>
    </ClInclude>
    <ClInclude Include="include\std.tabledefs.hpp">
      <Filter>Header Files</Filter>
    </ClInclude>
    <ClInclude Include="include\std.tablefields.hpp">
      <Filter>Header Files</Filter>
    </ClInclude>
    <ClInclude Include="include\std.tablewidgetitem.hpp">
      <Filter>Header Files</Filter>
    </ClInclude>
    <ClInclude Include="include\std.toolbaritems.hpp">
      <Filter>Header Files</Filter>
    </ClInclude>
    <ClInclude Include="include\std.treewidgetitem.hpp">
      <Filter>Header Files</Filter>
    </ClInclude>
    <ClInclude Include="include\std.updatecontrolsbymapper.hpp">
      <Filter>Header Files</Filter>
    </ClInclude>
    <ClInclude Include="include\std.widgetimpl.hpp">
      <Filter>Header Files</Filter>
    </ClInclude>
    <ClInclude Include="include\std.locatecontrolmapper.hpp">
      <Filter>Header Files</Filter>
    </ClInclude>
    <ClInclude Include="include\std.TabbedWidgetImpl.hpp">
      <Filter>Header Files</Filter>
    </ClInclude>
    <ClInclude Include="include\std.LocateLayoutMapper.hpp">
      <Filter>Header Files</Filter>
    </ClInclude>
    <ClInclude Include="include\std.waitcursor.hpp">
      <Filter>Header Files</Filter>
    </ClInclude>
    <ClInclude Include="include\std.lockwindows.hpp">
      <Filter>Header Files</Filter>
    </ClInclude>
    <ClInclude Include="include\std.shutdownwindows.hpp">
      <Filter>Header Files</Filter>
    </ClInclude>
    <ClInclude Include="include\std.logoffuser.hpp">
      <Filter>Header Files</Filter>
    </ClInclude>
    <ClInclude Include="include\std.ras.hpp">
      <Filter>Header Files</Filter>
    </ClInclude>
    <ClInclude Include="include\std.sspi.hpp">
      <Filter>Header Files</Filter>
    </ClInclude>
    <ClInclude Include="include\std.winsys.hpp">
      <Filter>Header Files</Filter>
    </ClInclude>
    <ClInclude Include="include\std.connectedwizard.hpp">
      <Filter>Header Files</Filter>
    </ClInclude>
    <ClInclude Include="include\std.imainwindowimpl.hpp">
      <Filter>Header Files</Filter>
    </ClInclude>
    <ClInclude Include="include\std.imdichildwindowimpl.hpp">
      <Filter>Header Files</Filter>
    </ClInclude>
    <ClInclude Include="include\std.idialogeximpl.hpp">
      <Filter>Header Files</Filter>
    </ClInclude>
    <ClInclude Include="include\std.iwidgetimpl.hpp">
      <Filter>Header Files</Filter>
    </ClInclude>
    <ClInclude Include="include\std.ustring.hpp">
      <Filter>Header Files</Filter>
    </ClInclude>
    <ClInclude Include="include\std.ipanel.hpp">
      <Filter>Header Files</Filter>
    </ClInclude>
  </ItemGroup>
  <ItemGroup>
    <CustomBuild Include="include\std.aboutdialog.hpp">
      <Filter>Header Files</Filter>
    </CustomBuild>
    <CustomBuild Include="include\std.action.hpp">
      <Filter>Header Files</Filter>
    </CustomBuild>
    <CustomBuild Include="include\std.application.hpp">
      <Filter>Header Files</Filter>
    </CustomBuild>
    <CustomBuild Include="include\std.button.hpp">
      <Filter>Header Files</Filter>
    </CustomBuild>
    <CustomBuild Include="include\std.checkbox.hpp">
      <Filter>Header Files</Filter>
    </CustomBuild>
    <CustomBuild Include="include\std.combobox.hpp">
      <Filter>Header Files</Filter>
    </CustomBuild>
    <CustomBuild Include="include\std.controls.hpp">
      <Filter>Header Files</Filter>
    </CustomBuild>
    <CustomBuild Include="include\std.dialogex.hpp">
      <Filter>Header Files</Filter>
    </CustomBuild>
    <CustomBuild Include="include\std.dialoglogin.hpp">
      <Filter>Header Files</Filter>
    </CustomBuild>
    <CustomBuild Include="include\std.dialogsearch.hpp">
      <Filter>Header Files</Filter>
    </CustomBuild>
    <CustomBuild Include="include\std.displayprogressbar.hpp">
      <Filter>Header Files</Filter>
    </CustomBuild>
    <CustomBuild Include="include\std.dockwindow.hpp">
      <Filter>Header Files</Filter>
    </CustomBuild>
    <CustomBuild Include="include\std.groupbox.hpp">
      <Filter>Header Files</Filter>
    </CustomBuild>
    <CustomBuild Include="include\std.groupboxtopbuttoncontrol.hpp">
      <Filter>Header Files</Filter>
    </CustomBuild>
    <CustomBuild Include="include\std.hiperlink.hpp">
      <Filter>Header Files</Filter>
    </CustomBuild>
    <CustomBuild Include="include\std.label.hpp">
      <Filter>Header Files</Filter>
    </CustomBuild>
    <CustomBuild Include="include\std.linedate.hpp">
      <Filter>Header Files</Filter>
    </CustomBuild>
    <CustomBuild Include="include\std.lineedit.hpp">
      <Filter>Header Files</Filter>
    </CustomBuild>
    <CustomBuild Include="include\std.mainwindow.hpp">
      <Filter>Header Files</Filter>
    </CustomBuild>
    <CustomBuild Include="include\std.mdichildwindow.hpp">
      <Filter>Header Files</Filter>
    </CustomBuild>
    <CustomBuild Include="include\std.mdichildwindowmodelcommon.hpp">
      <Filter>Header Files</Filter>
    </CustomBuild>
    <CustomBuild Include="include\std.mdiframewindow.hpp">
      <Filter>Header Files</Filter>
    </CustomBuild>
    <CustomBuild Include="include\std.mdiframewindowarea.hpp">
      <Filter>Header Files</Filter>
    </CustomBuild>
    <CustomBuild Include="include\std.menu.hpp">
      <Filter>Header Files</Filter>
    </CustomBuild>
    <CustomBuild Include="include\std.menubar.hpp">
      <Filter>Header Files</Filter>
    </CustomBuild>
    <CustomBuild Include="include\std.progressbar.hpp">
      <Filter>Header Files</Filter>
    </CustomBuild>
    <CustomBuild Include="include\std.radiobutton.hpp">
      <Filter>Header Files</Filter>
    </CustomBuild>
    <CustomBuild Include="include\std.radiogroup.hpp">
      <Filter>Header Files</Filter>
    </CustomBuild>
    <CustomBuild Include="include\std.resource.hpp">
      <Filter>Header Files</Filter>
    </CustomBuild>
    <CustomBuild Include="include\std.searchwidgetcontrol.hpp">
      <Filter>Header Files</Filter>
    </CustomBuild>
    <CustomBuild Include="include\std.splitter.hpp">
      <Filter>Header Files</Filter>
    </CustomBuild>
    <CustomBuild Include="include\std.statusbar.hpp">
      <Filter>Header Files</Filter>
    </CustomBuild>
    <CustomBuild Include="include\std.tabbed.hpp">
      <Filter>Header Files</Filter>
    </CustomBuild>
    <CustomBuild Include="include\std.tabbeddelegate.hpp">
      <Filter>Header Files</Filter>
    </CustomBuild>
    <CustomBuild Include="include\std.table.hpp">
      <Filter>Header Files</Filter>
    </CustomBuild>
    <CustomBuild Include="include\std.tabledelegate.hpp">
      <Filter>Header Files</Filter>
    </CustomBuild>
    <CustomBuild Include="include\std.textedit.hpp">
      <Filter>Header Files</Filter>
    </CustomBuild>
    <CustomBuild Include="include\std.timer.hpp">
      <Filter>Header Files</Filter>
    </CustomBuild>
    <CustomBuild Include="include\std.toolbar.hpp">
      <Filter>Header Files</Filter>
    </CustomBuild>
    <CustomBuild Include="include\std.toolbox.hpp">
      <Filter>Header Files</Filter>
    </CustomBuild>
    <CustomBuild Include="include\std.toolbutton.hpp">
      <Filter>Header Files</Filter>
    </CustomBuild>
    <CustomBuild Include="include\std.treemodel.hpp">
      <Filter>Header Files</Filter>
    </CustomBuild>
    <CustomBuild Include="include\std.treeview.hpp">
      <Filter>Header Files</Filter>
    </CustomBuild>
    <CustomBuild Include="include\std.treewidget.hpp">
      <Filter>Header Files</Filter>
    </CustomBuild>
    <CustomBuild Include="include\std.widget.hpp">
      <Filter>Header Files</Filter>
    </CustomBuild>
    <CustomBuild Include="include\std.widgeticon.hpp">
      <Filter>Header Files</Filter>
    </CustomBuild>
    <CustomBuild Include="include\std.lcdnumber.hpp">
      <Filter>Header Files</Filter>
    </CustomBuild>
    <CustomBuild Include="include\std.icondata.hpp">
      <Filter>Header Files</Filter>
    </CustomBuild>
    <CustomBuild Include="include\std.puttingicondataonresourcefile.hpp">
      <Filter>Header Files</Filter>
    </CustomBuild>
    <CustomBuild Include="include\std.gettingicondataonresourcefile.hpp">
      <Filter>Header Files</Filter>
    </CustomBuild>
  </ItemGroup>
  <ItemGroup>
    <ClCompile Include="source\std.aboutdialog.cpp">
      <Filter>Source Files</Filter>
    </ClCompile>
    <ClCompile Include="source\std.action.cpp">
      <Filter>Source Files</Filter>
    </ClCompile>
    <ClCompile Include="source\std.application.cpp">
      <Filter>Source Files</Filter>
    </ClCompile>
    <ClCompile Include="source\std.button.cpp">
      <Filter>Source Files</Filter>
    </ClCompile>
    <ClCompile Include="source\std.checkbox.cpp">
      <Filter>Source Files</Filter>
    </ClCompile>
    <ClCompile Include="source\std.combobox.cpp">
      <Filter>Source Files</Filter>
    </ClCompile>
    <ClCompile Include="source\std.control.cpp">
      <Filter>Source Files</Filter>
    </ClCompile>
    <ClCompile Include="source\std.defs.cpp">
      <Filter>Source Files</Filter>
    </ClCompile>
    <ClCompile Include="source\std.dialogex.cpp">
      <Filter>Source Files</Filter>
    </ClCompile>
    <ClCompile Include="source\std.dialoglogin.cpp">
      <Filter>Source Files</Filter>
    </ClCompile>
    <ClCompile Include="source\std.dialogsearch.cpp">
      <Filter>Source Files</Filter>
    </ClCompile>
    <ClCompile Include="source\std.displayprogressbar.cpp">
      <Filter>Source Files</Filter>
    </ClCompile>
    <ClCompile Include="source\std.dockwindow.cpp">
      <Filter>Source Files</Filter>
    </ClCompile>
    <ClCompile Include="source\std.groupbox.cpp">
      <Filter>Source Files</Filter>
    </ClCompile>
    <ClCompile Include="source\std.groupboxbuttonscontrol.cpp">
      <Filter>Source Files</Filter>
    </ClCompile>
    <ClCompile Include="source\std.groupboxtopbuttoncontrol.cpp">
      <Filter>Source Files</Filter>
    </ClCompile>
    <ClCompile Include="source\std.hiperlink.cpp">
      <Filter>Source Files</Filter>
    </ClCompile>
    <ClCompile Include="source\std.label.cpp">
      <Filter>Source Files</Filter>
    </ClCompile>
    <ClCompile Include="source\std.linedate.cpp">
      <Filter>Source Files</Filter>
    </ClCompile>
    <ClCompile Include="source\std.lineedit.cpp">
      <Filter>Source Files</Filter>
    </ClCompile>
    <ClCompile Include="source\std.linegroup.cpp">
      <Filter>Source Files</Filter>
    </ClCompile>
    <ClCompile Include="source\std.mainwindow.cpp">
      <Filter>Source Files</Filter>
    </ClCompile>
    <ClCompile Include="source\std.mdichildwindow.cpp">
      <Filter>Source Files</Filter>
    </ClCompile>
    <ClCompile Include="source\std.mdichildwindowmodelcommon.cpp">
      <Filter>Source Files</Filter>
    </ClCompile>
    <ClCompile Include="source\std.mdiframewindow.cpp">
      <Filter>Source Files</Filter>
    </ClCompile>
    <ClCompile Include="source\std.mdiframewindowarea.cpp">
      <Filter>Source Files</Filter>
    </ClCompile>
    <ClCompile Include="source\std.menu.cpp">
      <Filter>Source Files</Filter>
    </ClCompile>
    <ClCompile Include="source\std.menubar.cpp">
      <Filter>Source Files</Filter>
    </ClCompile>
    <ClCompile Include="source\std.menuitemdata.cpp">
      <Filter>Source Files</Filter>
    </ClCompile>
    <ClCompile Include="source\std.menuitems.cpp">
      <Filter>Source Files</Filter>
    </ClCompile>
    <ClCompile Include="source\std.popup.cpp">
      <Filter>Source Files</Filter>
    </ClCompile>
    <ClCompile Include="source\std.progressbar.cpp">
      <Filter>Source Files</Filter>
    </ClCompile>
    <ClCompile Include="source\std.radiobutton.cpp">
      <Filter>Source Files</Filter>
    </ClCompile>
    <ClCompile Include="source\std.resource.compiler.cpp">
      <Filter>Source Files</Filter>
    </ClCompile>
    <ClCompile Include="source\std.resource.cpp">
      <Filter>Source Files</Filter>
    </ClCompile>
    <ClCompile Include="source\std.resource.data.cpp">
      <Filter>Source Files</Filter>
    </ClCompile>
    <ClCompile Include="source\std.resource.header.cpp">
      <Filter>Source Files</Filter>
    </ClCompile>
    <ClCompile Include="source\std.resource.icon.cpp">
      <Filter>Source Files</Filter>
    </ClCompile>
    <ClCompile Include="source\std.searchwidgetcontrol.cpp">
      <Filter>Source Files</Filter>
    </ClCompile>
    <ClCompile Include="source\std.statusbar.cpp">
      <Filter>Source Files</Filter>
    </ClCompile>
    <ClCompile Include="source\std.submenuitemdata.cpp">
      <Filter>Source Files</Filter>
    </ClCompile>
    <ClCompile Include="source\std.tabbed.cpp">
      <Filter>Source Files</Filter>
    </ClCompile>
    <ClCompile Include="source\std.tabbeddelegate.cpp">
      <Filter>Source Files</Filter>
    </ClCompile>
    <ClCompile Include="source\std.table.cpp">
      <Filter>Source Files</Filter>
    </ClCompile>
    <ClCompile Include="source\std.tabledelegate.cpp">
      <Filter>Source Files</Filter>
    </ClCompile>
    <ClCompile Include="source\std.textedit.cpp">
      <Filter>Source Files</Filter>
    </ClCompile>
    <ClCompile Include="source\std.timer.cpp">
      <Filter>Source Files</Filter>
    </ClCompile>
    <ClCompile Include="source\std.toolbar.cpp">
      <Filter>Source Files</Filter>
    </ClCompile>
    <ClCompile Include="source\std.toolbox.cpp">
      <Filter>Source Files</Filter>
    </ClCompile>
    <ClCompile Include="source\std.toolbutton.cpp">
      <Filter>Source Files</Filter>
    </ClCompile>
    <ClCompile Include="source\std.treemodel.cpp">
      <Filter>Source Files</Filter>
    </ClCompile>
    <ClCompile Include="source\std.treeview.cpp">
      <Filter>Source Files</Filter>
    </ClCompile>
    <ClCompile Include="source\std.treewidget.cpp">
      <Filter>Source Files</Filter>
    </ClCompile>
    <ClCompile Include="source\std.treewidgetitem.cpp">
      <Filter>Source Files</Filter>
    </ClCompile>
    <ClCompile Include="source\std.widget.cpp">
      <Filter>Source Files</Filter>
    </ClCompile>
    <ClCompile Include="source\std.widgeticon.cpp">
      <Filter>Source Files</Filter>
    </ClCompile>
    <ClCompile Include="source\std.ras.cpp">
      <Filter>Source Files</Filter>
    </ClCompile>
    <ClCompile Include="source\std.connectedwizard.cpp">
      <Filter>Source Files</Filter>
    </ClCompile>
    <ClCompile Include="source\std.sspi.cpp">
      <Filter>Source Files</Filter>
    </ClCompile>
    <ClCompile Include="source\std.winsys.cpp">
      <Filter>Source Files</Filter>
    </ClCompile>
    <ClCompile Include="source\std.puttingicondataonresourcefile.cpp">
      <Filter>Source Files</Filter>
    </ClCompile>
    <ClCompile Include="source\std.gettingicondataonresourcefile.cpp">
      <Filter>Source Files</Filter>
    </ClCompile>
    <ClCompile Include="source\std.icondata.cpp">
      <Filter>Source Files</Filter>
    </ClCompile>
    <ClCompile Include="GeneratedFiles\Debug\moc_std.treewidget.cpp">
      <Filter>Generated Files\Debug</Filter>
    </ClCompile>
    <ClCompile Include="GeneratedFiles\Release\moc_std.treewidget.cpp">
      <Filter>Generated Files\Release</Filter>
    </ClCompile>
    <ClCompile Include="GeneratedFiles\Intel_SSA\moc_std.treewidget.cpp">
      <Filter>Generated Files\Intel_SSA</Filter>
    </ClCompile>
    <ClCompile Include="GeneratedFiles\Debug\moc_std.treeview.cpp">
      <Filter>Generated Files\Debug</Filter>
    </ClCompile>
    <ClCompile Include="GeneratedFiles\Release\moc_std.treeview.cpp">
      <Filter>Generated Files\Release</Filter>
    </ClCompile>
    <ClCompile Include="GeneratedFiles\Intel_SSA\moc_std.treeview.cpp">
      <Filter>Generated Files\Intel_SSA</Filter>
    </ClCompile>
    <ClCompile Include="GeneratedFiles\Debug\moc_std.treemodel.cpp">
      <Filter>Generated Files\Debug</Filter>
    </ClCompile>
    <ClCompile Include="GeneratedFiles\Release\moc_std.treemodel.cpp">
      <Filter>Generated Files\Release</Filter>
    </ClCompile>
    <ClCompile Include="GeneratedFiles\Intel_SSA\moc_std.treemodel.cpp">
      <Filter>Generated Files\Intel_SSA</Filter>
    </ClCompile>
    <ClCompile Include="GeneratedFiles\Debug\moc_std.toolbutton.cpp">
      <Filter>Generated Files\Debug</Filter>
    </ClCompile>
    <ClCompile Include="GeneratedFiles\Release\moc_std.toolbutton.cpp">
      <Filter>Generated Files\Release</Filter>
    </ClCompile>
    <ClCompile Include="GeneratedFiles\Intel_SSA\moc_std.toolbutton.cpp">
      <Filter>Generated Files\Intel_SSA</Filter>
    </ClCompile>
    <ClCompile Include="GeneratedFiles\Debug\moc_std.toolbox.cpp">
      <Filter>Generated Files\Debug</Filter>
    </ClCompile>
    <ClCompile Include="GeneratedFiles\Release\moc_std.toolbox.cpp">
      <Filter>Generated Files\Release</Filter>
    </ClCompile>
    <ClCompile Include="GeneratedFiles\Intel_SSA\moc_std.toolbox.cpp">
      <Filter>Generated Files\Intel_SSA</Filter>
    </ClCompile>
    <ClCompile Include="GeneratedFiles\Debug\moc_std.toolbar.cpp">
      <Filter>Generated Files\Debug</Filter>
    </ClCompile>
    <ClCompile Include="GeneratedFiles\Release\moc_std.toolbar.cpp">
      <Filter>Generated Files\Release</Filter>
    </ClCompile>
    <ClCompile Include="GeneratedFiles\Intel_SSA\moc_std.toolbar.cpp">
      <Filter>Generated Files\Intel_SSA</Filter>
    </ClCompile>
    <ClCompile Include="GeneratedFiles\Debug\moc_std.textedit.cpp">
      <Filter>Generated Files\Debug</Filter>
    </ClCompile>
    <ClCompile Include="GeneratedFiles\Release\moc_std.textedit.cpp">
      <Filter>Generated Files\Release</Filter>
    </ClCompile>
    <ClCompile Include="GeneratedFiles\Intel_SSA\moc_std.textedit.cpp">
      <Filter>Generated Files\Intel_SSA</Filter>
    </ClCompile>
    <ClCompile Include="GeneratedFiles\Debug\moc_std.tabledelegate.cpp">
      <Filter>Generated Files\Debug</Filter>
    </ClCompile>
    <ClCompile Include="GeneratedFiles\Release\moc_std.tabledelegate.cpp">
      <Filter>Generated Files\Release</Filter>
    </ClCompile>
    <ClCompile Include="GeneratedFiles\Intel_SSA\moc_std.tabledelegate.cpp">
      <Filter>Generated Files\Intel_SSA</Filter>
    </ClCompile>
    <ClCompile Include="GeneratedFiles\Debug\moc_std.table.cpp">
      <Filter>Generated Files\Debug</Filter>
    </ClCompile>
    <ClCompile Include="GeneratedFiles\Release\moc_std.table.cpp">
      <Filter>Generated Files\Release</Filter>
    </ClCompile>
    <ClCompile Include="GeneratedFiles\Intel_SSA\moc_std.table.cpp">
      <Filter>Generated Files\Intel_SSA</Filter>
    </ClCompile>
    <ClCompile Include="GeneratedFiles\Debug\moc_std.tabbeddelegate.cpp">
      <Filter>Generated Files\Debug</Filter>
    </ClCompile>
    <ClCompile Include="GeneratedFiles\Release\moc_std.tabbeddelegate.cpp">
      <Filter>Generated Files\Release</Filter>
    </ClCompile>
    <ClCompile Include="GeneratedFiles\Intel_SSA\moc_std.tabbeddelegate.cpp">
      <Filter>Generated Files\Intel_SSA</Filter>
    </ClCompile>
    <ClCompile Include="GeneratedFiles\Debug\moc_std.tabbed.cpp">
      <Filter>Generated Files\Debug</Filter>
    </ClCompile>
    <ClCompile Include="GeneratedFiles\Release\moc_std.tabbed.cpp">
      <Filter>Generated Files\Release</Filter>
    </ClCompile>
    <ClCompile Include="GeneratedFiles\Intel_SSA\moc_std.tabbed.cpp">
      <Filter>Generated Files\Intel_SSA</Filter>
    </ClCompile>
    <ClCompile Include="GeneratedFiles\Debug\moc_std.splitter.cpp">
      <Filter>Generated Files\Debug</Filter>
    </ClCompile>
    <ClCompile Include="GeneratedFiles\Release\moc_std.splitter.cpp">
      <Filter>Generated Files\Release</Filter>
    </ClCompile>
    <ClCompile Include="GeneratedFiles\Intel_SSA\moc_std.splitter.cpp">
      <Filter>Generated Files\Intel_SSA</Filter>
    </ClCompile>
    <ClCompile Include="GeneratedFiles\Debug\moc_std.searchwidgetcontrol.cpp">
      <Filter>Generated Files\Debug</Filter>
    </ClCompile>
    <ClCompile Include="GeneratedFiles\Release\moc_std.searchwidgetcontrol.cpp">
      <Filter>Generated Files\Release</Filter>
    </ClCompile>
    <ClCompile Include="GeneratedFiles\Intel_SSA\moc_std.searchwidgetcontrol.cpp">
      <Filter>Generated Files\Intel_SSA</Filter>
    </ClCompile>
    <ClCompile Include="GeneratedFiles\Debug\moc_std.resource.cpp">
      <Filter>Generated Files\Debug</Filter>
    </ClCompile>
    <ClCompile Include="GeneratedFiles\Release\moc_std.resource.cpp">
      <Filter>Generated Files\Release</Filter>
    </ClCompile>
    <ClCompile Include="GeneratedFiles\Intel_SSA\moc_std.resource.cpp">
      <Filter>Generated Files\Intel_SSA</Filter>
    </ClCompile>
    <ClCompile Include="GeneratedFiles\Debug\moc_std.radiogroup.cpp">
      <Filter>Generated Files\Debug</Filter>
    </ClCompile>
    <ClCompile Include="GeneratedFiles\Release\moc_std.radiogroup.cpp">
      <Filter>Generated Files\Release</Filter>
    </ClCompile>
    <ClCompile Include="GeneratedFiles\Intel_SSA\moc_std.radiogroup.cpp">
      <Filter>Generated Files\Intel_SSA</Filter>
    </ClCompile>
    <ClCompile Include="GeneratedFiles\Debug\moc_std.radiobutton.cpp">
      <Filter>Generated Files\Debug</Filter>
    </ClCompile>
    <ClCompile Include="GeneratedFiles\Release\moc_std.radiobutton.cpp">
      <Filter>Generated Files\Release</Filter>
    </ClCompile>
    <ClCompile Include="GeneratedFiles\Intel_SSA\moc_std.radiobutton.cpp">
      <Filter>Generated Files\Intel_SSA</Filter>
    </ClCompile>
    <ClCompile Include="GeneratedFiles\Debug\moc_std.menubar.cpp">
      <Filter>Generated Files\Debug</Filter>
    </ClCompile>
    <ClCompile Include="GeneratedFiles\Release\moc_std.menubar.cpp">
      <Filter>Generated Files\Release</Filter>
    </ClCompile>
    <ClCompile Include="GeneratedFiles\Intel_SSA\moc_std.menubar.cpp">
      <Filter>Generated Files\Intel_SSA</Filter>
    </ClCompile>
    <ClCompile Include="GeneratedFiles\Debug\moc_std.menu.cpp">
      <Filter>Generated Files\Debug</Filter>
    </ClCompile>
    <ClCompile Include="GeneratedFiles\Release\moc_std.menu.cpp">
      <Filter>Generated Files\Release</Filter>
    </ClCompile>
    <ClCompile Include="GeneratedFiles\Intel_SSA\moc_std.menu.cpp">
      <Filter>Generated Files\Intel_SSA</Filter>
    </ClCompile>
    <ClCompile Include="GeneratedFiles\Debug\moc_std.lineedit.cpp">
      <Filter>Generated Files\Debug</Filter>
    </ClCompile>
    <ClCompile Include="GeneratedFiles\Release\moc_std.lineedit.cpp">
      <Filter>Generated Files\Release</Filter>
    </ClCompile>
    <ClCompile Include="GeneratedFiles\Intel_SSA\moc_std.lineedit.cpp">
      <Filter>Generated Files\Intel_SSA</Filter>
    </ClCompile>
    <ClCompile Include="GeneratedFiles\Debug\moc_std.linedate.cpp">
      <Filter>Generated Files\Debug</Filter>
    </ClCompile>
    <ClCompile Include="GeneratedFiles\Release\moc_std.linedate.cpp">
      <Filter>Generated Files\Release</Filter>
    </ClCompile>
    <ClCompile Include="GeneratedFiles\Intel_SSA\moc_std.linedate.cpp">
      <Filter>Generated Files\Intel_SSA</Filter>
    </ClCompile>
    <ClCompile Include="GeneratedFiles\Debug\moc_std.lcdnumber.cpp">
      <Filter>Generated Files\Debug</Filter>
    </ClCompile>
    <ClCompile Include="GeneratedFiles\Release\moc_std.lcdnumber.cpp">
      <Filter>Generated Files\Release</Filter>
    </ClCompile>
    <ClCompile Include="GeneratedFiles\Intel_SSA\moc_std.lcdnumber.cpp">
      <Filter>Generated Files\Intel_SSA</Filter>
    </ClCompile>
    <ClCompile Include="GeneratedFiles\Debug\moc_std.label.cpp">
      <Filter>Generated Files\Debug</Filter>
    </ClCompile>
    <ClCompile Include="GeneratedFiles\Release\moc_std.label.cpp">
      <Filter>Generated Files\Release</Filter>
    </ClCompile>
    <ClCompile Include="GeneratedFiles\Intel_SSA\moc_std.label.cpp">
      <Filter>Generated Files\Intel_SSA</Filter>
    </ClCompile>
    <ClCompile Include="GeneratedFiles\Debug\moc_std.groupboxtopbuttoncontrol.cpp">
      <Filter>Generated Files\Debug</Filter>
    </ClCompile>
    <ClCompile Include="GeneratedFiles\Release\moc_std.groupboxtopbuttoncontrol.cpp">
      <Filter>Generated Files\Release</Filter>
    </ClCompile>
    <ClCompile Include="GeneratedFiles\Intel_SSA\moc_std.groupboxtopbuttoncontrol.cpp">
      <Filter>Generated Files\Intel_SSA</Filter>
    </ClCompile>
    <ClCompile Include="GeneratedFiles\Debug\moc_std.groupbox.cpp">
      <Filter>Generated Files\Debug</Filter>
    </ClCompile>
    <ClCompile Include="GeneratedFiles\Release\moc_std.groupbox.cpp">
      <Filter>Generated Files\Release</Filter>
    </ClCompile>
    <ClCompile Include="GeneratedFiles\Intel_SSA\moc_std.groupbox.cpp">
      <Filter>Generated Files\Intel_SSA</Filter>
    </ClCompile>
    <ClCompile Include="GeneratedFiles\Debug\moc_std.dockwindow.cpp">
      <Filter>Generated Files\Debug</Filter>
    </ClCompile>
    <ClCompile Include="GeneratedFiles\Release\moc_std.dockwindow.cpp">
      <Filter>Generated Files\Release</Filter>
    </ClCompile>
    <ClCompile Include="GeneratedFiles\Intel_SSA\moc_std.dockwindow.cpp">
      <Filter>Generated Files\Intel_SSA</Filter>
    </ClCompile>
    <ClCompile Include="GeneratedFiles\Debug\moc_std.displayprogressbar.cpp">
      <Filter>Generated Files\Debug</Filter>
    </ClCompile>
    <ClCompile Include="GeneratedFiles\Release\moc_std.displayprogressbar.cpp">
      <Filter>Generated Files\Release</Filter>
    </ClCompile>
    <ClCompile Include="GeneratedFiles\Intel_SSA\moc_std.displayprogressbar.cpp">
      <Filter>Generated Files\Intel_SSA</Filter>
    </ClCompile>
    <ClCompile Include="GeneratedFiles\Debug\moc_std.dialogsearch.cpp">
      <Filter>Generated Files\Debug</Filter>
    </ClCompile>
    <ClCompile Include="GeneratedFiles\Release\moc_std.dialogsearch.cpp">
      <Filter>Generated Files\Release</Filter>
    </ClCompile>
    <ClCompile Include="GeneratedFiles\Intel_SSA\moc_std.dialogsearch.cpp">
      <Filter>Generated Files\Intel_SSA</Filter>
    </ClCompile>
    <ClCompile Include="GeneratedFiles\Debug\moc_std.dialoglogin.cpp">
      <Filter>Generated Files\Debug</Filter>
    </ClCompile>
    <ClCompile Include="GeneratedFiles\Release\moc_std.dialoglogin.cpp">
      <Filter>Generated Files\Release</Filter>
    </ClCompile>
    <ClCompile Include="GeneratedFiles\Intel_SSA\moc_std.dialoglogin.cpp">
      <Filter>Generated Files\Intel_SSA</Filter>
    </ClCompile>
    <ClCompile Include="GeneratedFiles\Debug\moc_std.combobox.cpp">
      <Filter>Generated Files\Debug</Filter>
    </ClCompile>
    <ClCompile Include="GeneratedFiles\Release\moc_std.combobox.cpp">
      <Filter>Generated Files\Release</Filter>
    </ClCompile>
    <ClCompile Include="GeneratedFiles\Intel_SSA\moc_std.combobox.cpp">
      <Filter>Generated Files\Intel_SSA</Filter>
    </ClCompile>
    <ClCompile Include="GeneratedFiles\Debug\moc_std.checkbox.cpp">
      <Filter>Generated Files\Debug</Filter>
    </ClCompile>
    <ClCompile Include="GeneratedFiles\Release\moc_std.checkbox.cpp">
      <Filter>Generated Files\Release</Filter>
    </ClCompile>
    <ClCompile Include="GeneratedFiles\Intel_SSA\moc_std.checkbox.cpp">
      <Filter>Generated Files\Intel_SSA</Filter>
    </ClCompile>
    <ClCompile Include="GeneratedFiles\Debug\moc_std.button.cpp">
      <Filter>Generated Files\Debug</Filter>
    </ClCompile>
    <ClCompile Include="GeneratedFiles\Release\moc_std.button.cpp">
      <Filter>Generated Files\Release</Filter>
    </ClCompile>
    <ClCompile Include="GeneratedFiles\Intel_SSA\moc_std.button.cpp">
      <Filter>Generated Files\Intel_SSA</Filter>
    </ClCompile>
    <ClCompile Include="GeneratedFiles\Debug\moc_std.application.cpp">
      <Filter>Generated Files\Debug</Filter>
    </ClCompile>
    <ClCompile Include="GeneratedFiles\Release\moc_std.application.cpp">
      <Filter>Generated Files\Release</Filter>
    </ClCompile>
    <ClCompile Include="GeneratedFiles\Intel_SSA\moc_std.application.cpp">
      <Filter>Generated Files\Intel_SSA</Filter>
    </ClCompile>
    <ClCompile Include="GeneratedFiles\Debug\moc_std.aboutdialog.cpp">
      <Filter>Generated Files\Debug</Filter>
    </ClCompile>
    <ClCompile Include="GeneratedFiles\Release\moc_std.aboutdialog.cpp">
      <Filter>Generated Files\Release</Filter>
    </ClCompile>
    <ClCompile Include="GeneratedFiles\Intel_SSA\moc_std.aboutdialog.cpp">
      <Filter>Generated Files\Intel_SSA</Filter>
    </ClCompile>
    <ClCompile Include="GeneratedFiles\Debug\moc_std.dialogex.cpp">
      <Filter>Generated Files\Debug</Filter>
    </ClCompile>
    <ClCompile Include="GeneratedFiles\Release\moc_std.dialogex.cpp">
      <Filter>Generated Files\Release</Filter>
    </ClCompile>
    <ClCompile Include="GeneratedFiles\Intel_SSA\moc_std.dialogex.cpp">
      <Filter>Generated Files\Intel_SSA</Filter>
    </ClCompile>
    <ClCompile Include="GeneratedFiles\Debug\moc_std.puttingicondataonresourcefile.cpp">
      <Filter>Generated Files\Debug</Filter>
    </ClCompile>
    <ClCompile Include="GeneratedFiles\Release\moc_std.puttingicondataonresourcefile.cpp">
      <Filter>Generated Files\Release</Filter>
    </ClCompile>
    <ClCompile Include="GeneratedFiles\Intel_SSA\moc_std.puttingicondataonresourcefile.cpp">
      <Filter>Generated Files\Intel_SSA</Filter>
    </ClCompile>
    <ClCompile Include="GeneratedFiles\Debug\moc_std.gettingicondataonresourcefile.cpp">
      <Filter>Generated Files\Debug</Filter>
    </ClCompile>
    <ClCompile Include="GeneratedFiles\Release\moc_std.gettingicondataonresourcefile.cpp">
      <Filter>Generated Files\Release</Filter>
    </ClCompile>
    <ClCompile Include="GeneratedFiles\Intel_SSA\moc_std.gettingicondataonresourcefile.cpp">
      <Filter>Generated Files\Intel_SSA</Filter>
    </ClCompile>
    <ClCompile Include="source\std.ustring.cpp">
      <Filter>Source Files</Filter>
    </ClCompile>
    <ClCompile Include="GeneratedFiles\Debug\moc_std.action.cpp">
      <Filter>Generated Files\Debug</Filter>
    </ClCompile>
    <ClCompile Include="GeneratedFiles\Release\moc_std.action.cpp">
      <Filter>Generated Files\Release</Filter>
    </ClCompile>
    <ClCompile Include="GeneratedFiles\Intel_SSA\moc_std.action.cpp">
      <Filter>Generated Files\Intel_SSA</Filter>
    </ClCompile>
    <ClCompile Include="source\std.ipanel.cpp">
      <Filter>Source Files</Filter>
    </ClCompile>
  </ItemGroup>
  <ItemGroup>
    <None Include="ClassDiagram1.cd" />
  </ItemGroup>
</Project>